
Microsoft Visual Studio Solution File, Format Version 12.00
# Visual Studio Version 17
VisualStudioVersion = 17.1.32421.90
MinimumVisualStudioVersion = 10.0.40219.1
Project("{9A19103F-16F7-4668-BE54-9A1E7A4F7556}") = "CodePant.DotNet.Helper", "src\CodePant.DotNet.Helper\CodePant.DotNet.Helper.csproj", "{AEDB2CC8-460D-4E5F-9C3B-5A608A8D24CB}"
EndProject
Project("{2150E333-8FDC-42A3-9474-1A3956D46DE8}") = "src", "src", "{DF23FD35-40C6-4D18-84C5-A8C21D5239E2}"
EndProject
Project("{2150E333-8FDC-42A3-9474-1A3956D46DE8}") = "tests", "tests", "{BEEF19DC-028C-480B-B60B-4FD17F47E46D}"
EndProject
Project("{2150E333-8FDC-42A3-9474-1A3956D46DE8}") = "samples", "samples", "{1D0437DC-BC88-4FBB-904C-EE238C8DFC50}"
EndProject
Project("{FAE04EC0-301F-11D3-BF4B-00C04F79EFBC}") = "CodePant.DotNet.Helper.Email", "samples\CodePant.DotNet.Helper.Email\CodePant.DotNet.Helper.Email.csproj", "{D6D2019A-F690-4F78-80F8-742EB309FBE3}"
EndProject
Global
	GlobalSection(SolutionConfigurationPlatforms) = preSolution
		Debug|Any CPU = Debug|Any CPU
		Release|Any CPU = Release|Any CPU
	EndGlobalSection
	GlobalSection(ProjectConfigurationPlatforms) = postSolution
		{AEDB2CC8-460D-4E5F-9C3B-5A608A8D24CB}.Debug|Any CPU.ActiveCfg = Debug|Any CPU
		{AEDB2CC8-460D-4E5F-9C3B-5A608A8D24CB}.Debug|Any CPU.Build.0 = Debug|Any CPU
		{AEDB2CC8-460D-4E5F-9C3B-5A608A8D24CB}.Release|Any CPU.ActiveCfg = Release|Any CPU
		{AEDB2CC8-460D-4E5F-9C3B-5A608A8D24CB}.Release|Any CPU.Build.0 = Release|Any CPU
		{D6D2019A-F690-4F78-80F8-742EB309FBE3}.Debug|Any CPU.ActiveCfg = Debug|Any CPU
		{D6D2019A-F690-4F78-80F8-742EB309FBE3}.Debug|Any CPU.Build.0 = Debug|Any CPU
		{D6D2019A-F690-4F78-80F8-742EB309FBE3}.Release|Any CPU.ActiveCfg = Release|Any CPU
		{D6D2019A-F690-4F78-80F8-742EB309FBE3}.Release|Any CPU.Build.0 = Release|Any CPU
	EndGlobalSection
	GlobalSection(SolutionProperties) = preSolution
		HideSolutionNode = FALSE
	EndGlobalSection
	GlobalSection(NestedProjects) = preSolution
		{AEDB2CC8-460D-4E5F-9C3B-5A608A8D24CB} = {DF23FD35-40C6-4D18-84C5-A8C21D5239E2}
		{D6D2019A-F690-4F78-80F8-742EB309FBE3} = {1D0437DC-BC88-4FBB-904C-EE238C8DFC50}
	EndGlobalSection
	GlobalSection(ExtensibilityGlobals) = postSolution
		SolutionGuid = {315EB34E-CFBC-49B5-BEA9-0286D2116665}
	EndGlobalSection
EndGlobal
